
Microsoft Visual Studio Solution File, Format Version 12.00
Project("{FAE04EC0-301F-11D3-BF4B-00C04F79EFBC}") = "Task1", "Task1\Task1.csproj", "{67AF350C-AAB4-4F85-9AEA-853C8EC6841E}"
EndProject
Project("{FAE04EC0-301F-11D3-BF4B-00C04F79EFBC}") = "Task1Test", "Task1Test\Task1Test.csproj", "{599CDDA1-8052-4DC5-BE77-9DFDDDA64D7C}"
EndProject
Project("{FAE04EC0-301F-11D3-BF4B-00C04F79EFBC}") = "Task2", "Task2\Task2.csproj", "{E437CA83-A403-47FC-A9D4-369751EF33E4}"
EndProject
Project("{FAE04EC0-301F-11D3-BF4B-00C04F79EFBC}") = "Task2Test", "Task2Test\Task2Test.csproj", "{C81C73DE-2B6E-49DC-9394-A4A94FB72647}"
EndProject
Project("{FAE04EC0-301F-11D3-BF4B-00C04F79EFBC}") = "Task3", "Task3\Task3.csproj", "{D9845B2E-D333-4E4B-896E-D79D4705E8C5}"
EndProject
Project("{FAE04EC0-301F-11D3-BF4B-00C04F79EFBC}") = "Task3Test", "Task3Test\Task3Test.csproj", "{B896552F-E00D-4D4C-8DAE-16AD1C44A40E}"
EndProject
Project("{FAE04EC0-301F-11D3-BF4B-00C04F79EFBC}") = "Task4", "Task4\Task4.csproj", "{3F41D8A1-9A50-46E3-AA72-48F9ADCC43E4}"
EndProject
Project("{FAE04EC0-301F-11D3-BF4B-00C04F79EFBC}") = "Task4Test", "Task4Test\Task4Test.csproj", "{6DC3D5E4-F3DC-4F67-8910-97B1EE5D65DC}"
EndProject
Project("{FAE04EC0-301F-11D3-BF4B-00C04F79EFBC}") = "Task5", "Task5\Task5.csproj", "{9683858F-5567-4D19-93DF-45ACCF2F2538}"
EndProject
Project("{FAE04EC0-301F-11D3-BF4B-00C04F79EFBC}") = "Task5Test", "Task5Test\Task5Test.csproj", "{3DE53CEA-0FA2-4AD9-9725-486DB9DED419}"
EndProject
Project("{FAE04EC0-301F-11D3-BF4B-00C04F79EFBC}") = "Task6", "Task6\Task6.csproj", "{6B65B05F-A455-46B8-824B-EECB95F2A02C}"
EndProject
Global
	GlobalSection(SolutionConfigurationPlatforms) = preSolution
		Debug|Any CPU = Debug|Any CPU
		Release|Any CPU = Release|Any CPU
	EndGlobalSection
	GlobalSection(ProjectConfigurationPlatforms) = postSolution
		{67AF350C-AAB4-4F85-9AEA-853C8EC6841E}.Debug|Any CPU.ActiveCfg = Debug|Any CPU
		{67AF350C-AAB4-4F85-9AEA-853C8EC6841E}.Debug|Any CPU.Build.0 = Debug|Any CPU
		{67AF350C-AAB4-4F85-9AEA-853C8EC6841E}.Release|Any CPU.ActiveCfg = Release|Any CPU
		{67AF350C-AAB4-4F85-9AEA-853C8EC6841E}.Release|Any CPU.Build.0 = Release|Any CPU
		{599CDDA1-8052-4DC5-BE77-9DFDDDA64D7C}.Debug|Any CPU.ActiveCfg = Debug|Any CPU
		{599CDDA1-8052-4DC5-BE77-9DFDDDA64D7C}.Debug|Any CPU.Build.0 = Debug|Any CPU
		{599CDDA1-8052-4DC5-BE77-9DFDDDA64D7C}.Release|Any CPU.ActiveCfg = Release|Any CPU
		{599CDDA1-8052-4DC5-BE77-9DFDDDA64D7C}.Release|Any CPU.Build.0 = Release|Any CPU
		{E437CA83-A403-47FC-A9D4-369751EF33E4}.Debug|Any CPU.ActiveCfg = Debug|Any CPU
		{E437CA83-A403-47FC-A9D4-369751EF33E4}.Debug|Any CPU.Build.0 = Debug|Any CPU
		{E437CA83-A403-47FC-A9D4-369751EF33E4}.Release|Any CPU.ActiveCfg = Release|Any CPU
		{E437CA83-A403-47FC-A9D4-369751EF33E4}.Release|Any CPU.Build.0 = Release|Any CPU
		{C81C73DE-2B6E-49DC-9394-A4A94FB72647}.Debug|Any CPU.ActiveCfg = Debug|Any CPU
		{C81C73DE-2B6E-49DC-9394-A4A94FB72647}.Debug|Any CPU.Build.0 = Debug|Any CPU
		{C81C73DE-2B6E-49DC-9394-A4A94FB72647}.Release|Any CPU.ActiveCfg = Release|Any CPU
		{C81C73DE-2B6E-49DC-9394-A4A94FB72647}.Release|Any CPU.Build.0 = Release|Any CPU
		{D9845B2E-D333-4E4B-896E-D79D4705E8C5}.Debug|Any CPU.ActiveCfg = Debug|Any CPU
		{D9845B2E-D333-4E4B-896E-D79D4705E8C5}.Debug|Any CPU.Build.0 = Debug|Any CPU
		{D9845B2E-D333-4E4B-896E-D79D4705E8C5}.Release|Any CPU.ActiveCfg = Release|Any CPU
		{D9845B2E-D333-4E4B-896E-D79D4705E8C5}.Release|Any CPU.Build.0 = Release|Any CPU
		{B896552F-E00D-4D4C-8DAE-16AD1C44A40E}.Debug|Any CPU.ActiveCfg = Debug|Any CPU
		{B896552F-E00D-4D4C-8DAE-16AD1C44A40E}.Debug|Any CPU.Build.0 = Debug|Any CPU
		{B896552F-E00D-4D4C-8DAE-16AD1C44A40E}.Release|Any CPU.ActiveCfg = Release|Any CPU
		{B896552F-E00D-4D4C-8DAE-16AD1C44A40E}.Release|Any CPU.Build.0 = Release|Any CPU
		{3F41D8A1-9A50-46E3-AA72-48F9ADCC43E4}.Debug|Any CPU.ActiveCfg = Debug|Any CPU
		{3F41D8A1-9A50-46E3-AA72-48F9ADCC43E4}.Debug|Any CPU.Build.0 = Debug|Any CPU
		{3F41D8A1-9A50-46E3-AA72-48F9ADCC43E4}.Release|Any CPU.ActiveCfg = Release|Any CPU
		{3F41D8A1-9A50-46E3-AA72-48F9ADCC43E4}.Release|Any CPU.Build.0 = Release|Any CPU
		{6DC3D5E4-F3DC-4F67-8910-97B1EE5D65DC}.Debug|Any CPU.ActiveCfg = Debug|Any CPU
		{6DC3D5E4-F3DC-4F67-8910-97B1EE5D65DC}.Debug|Any CPU.Build.0 = Debug|Any CPU
		{6DC3D5E4-F3DC-4F67-8910-97B1EE5D65DC}.Release|Any CPU.ActiveCfg = Release|Any CPU
		{6DC3D5E4-F3DC-4F67-8910-97B1EE5D65DC}.Release|Any CPU.Build.0 = Release|Any CPU
		{9683858F-5567-4D19-93DF-45ACCF2F2538}.Debug|Any CPU.ActiveCfg = Debug|Any CPU
		{9683858F-5567-4D19-93DF-45ACCF2F2538}.Debug|Any CPU.Build.0 = Debug|Any CPU
		{9683858F-5567-4D19-93DF-45ACCF2F2538}.Release|Any CPU.ActiveCfg = Release|Any CPU
		{9683858F-5567-4D19-93DF-45ACCF2F2538}.Release|Any CPU.Build.0 = Release|Any CPU
		{3DE53CEA-0FA2-4AD9-9725-486DB9DED419}.Debug|Any CPU.ActiveCfg = Debug|Any CPU
		{3DE53CEA-0FA2-4AD9-9725-486DB9DED419}.Debug|Any CPU.Build.0 = Debug|Any CPU
		{3DE53CEA-0FA2-4AD9-9725-486DB9DED419}.Release|Any CPU.ActiveCfg = Release|Any CPU
		{3DE53CEA-0FA2-4AD9-9725-486DB9DED419}.Release|Any CPU.Build.0 = Release|Any CPU
		{6B65B05F-A455-46B8-824B-EECB95F2A02C}.Debug|Any CPU.ActiveCfg = Debug|Any CPU
		{6B65B05F-A455-46B8-824B-EECB95F2A02C}.Debug|Any CPU.Build.0 = Debug|Any CPU
		{6B65B05F-A455-46B8-824B-EECB95F2A02C}.Release|Any CPU.ActiveCfg = Release|Any CPU
		{6B65B05F-A455-46B8-824B-EECB95F2A02C}.Release|Any CPU.Build.0 = Release|Any CPU
	EndGlobalSection
EndGlobal
